// !$*UTF8*$!
{
	archiveVersion = 1;
	classes = {
	};
	objectVersion = 56;
	objects = {

/* Begin PBXBuildFile section */
		54C96F032C6B73DD00F4A275 /* OpenTelemetryProtocolExporter in Frameworks */ = {isa = PBXBuildFile; productRef = 54C96F022C6B73DD00F4A275 /* OpenTelemetryProtocolExporter */; };
		54C96F052C6B73DD00F4A275 /* OpenTelemetryProtocolExporterHTTP in Frameworks */ = {isa = PBXBuildFile; productRef = 54C96F042C6B73DD00F4A275 /* OpenTelemetryProtocolExporterHTTP */; };
		54C96F072C6B73DD00F4A275 /* OpenTelemetrySdk in Frameworks */ = {isa = PBXBuildFile; productRef = 54C96F062C6B73DD00F4A275 /* OpenTelemetrySdk */; };
		54C96F092C6B73DD00F4A275 /* StdoutExporter in Frameworks */ = {isa = PBXBuildFile; productRef = 54C96F082C6B73DD00F4A275 /* StdoutExporter */; };
		54C96F0B2C6B751700F4A275 /* MainViewModel.swift in Sources */ = {isa = PBXBuildFile; fileRef = 54C96F0A2C6B751700F4A275 /* MainViewModel.swift */; };
		54C96F0D2C6B75E300F4A275 /* StatesList.swift in Sources */ = {isa = PBXBuildFile; fileRef = 54C96F0C2C6B75E300F4A275 /* StatesList.swift */; };
		54C96F0F2C6B763900F4A275 /* MainViewModel+Networking.swift in Sources */ = {isa = PBXBuildFile; fileRef = 54C96F0E2C6B763900F4A275 /* MainViewModel+Networking.swift */; };
		54C96F112C6B765B00F4A275 /* ParkRequestResult.swift in Sources */ = {isa = PBXBuildFile; fileRef = 54C96F102C6B765B00F4A275 /* ParkRequestResult.swift */; };
		54C96F162C6B770F00F4A275 /* DetailView.swift in Sources */ = {isa = PBXBuildFile; fileRef = 54C96F152C6B770F00F4A275 /* DetailView.swift */; };
		54C96F182C6B771900F4A275 /* DetailViewModel.swift in Sources */ = {isa = PBXBuildFile; fileRef = 54C96F172C6B771900F4A275 /* DetailViewModel.swift */; };
		54C96F1A2C6B779A00F4A275 /* MainViewModel+Tracing.swift in Sources */ = {isa = PBXBuildFile; fileRef = 54C96F192C6B779A00F4A275 /* MainViewModel+Tracing.swift */; };
		54C96F222C6B78FE00F4A275 /* embrace_outdoors_iosUITests.swift in Sources */ = {isa = PBXBuildFile; fileRef = 54C96F212C6B78FE00F4A275 /* embrace_outdoors_iosUITests.swift */; };
		54EC94062C6B6F0300055212 /* EmbraceOutdoorsApp.swift in Sources */ = {isa = PBXBuildFile; fileRef = 54EC94052C6B6F0300055212 /* EmbraceOutdoorsApp.swift */; };
		54EC94082C6B6F0300055212 /* MainView.swift in Sources */ = {isa = PBXBuildFile; fileRef = 54EC94072C6B6F0300055212 /* MainView.swift */; };
		54EC940A2C6B6F0400055212 /* Assets.xcassets in Resources */ = {isa = PBXBuildFile; fileRef = 54EC94092C6B6F0400055212 /* Assets.xcassets */; };
		54EC940D2C6B6F0400055212 /* Preview Assets.xcassets in Resources */ = {isa = PBXBuildFile; fileRef = 54EC940C2C6B6F0400055212 /* Preview Assets.xcassets */; };
		54EC941A2C6B704C00055212 /* Embrace-Outdoors-Info.plist in Resources */ = {isa = PBXBuildFile; fileRef = 54EC94192C6B704C00055212 /* Embrace-Outdoors-Info.plist */; };
		54EC941D2C6B70E200055212 /* EmbraceIO in Frameworks */ = {isa = PBXBuildFile; productRef = 54EC941C2C6B70E200055212 /* EmbraceIO */; };
		54EC941F2C6B717300055212 /* TimeInterval+MockTiming.swift in Sources */ = {isa = PBXBuildFile; fileRef = 54EC941E2C6B717300055212 /* TimeInterval+MockTiming.swift */; };
		54EC94212C6B719F00055212 /* OTelExporterWrapper.swift in Sources */ = {isa = PBXBuildFile; fileRef = 54EC94202C6B719F00055212 /* OTelExporterWrapper.swift */; };
/* End PBXBuildFile section */

/* Begin PBXContainerItemProxy section */
		54C96F252C6B78FE00F4A275 /* PBXContainerItemProxy */ = {
			isa = PBXContainerItemProxy;
			containerPortal = 54EC93FA2C6B6F0300055212 /* Project object */;
			proxyType = 1;
			remoteGlobalIDString = 54EC94012C6B6F0300055212;
			remoteInfo = "embrace-outdoors-ios";
		};
/* End PBXContainerItemProxy section */

/* Begin PBXFileReference section */
		54C96F0A2C6B751700F4A275 /* MainViewModel.swift */ = {isa = PBXFileReference; lastKnownFileType = sourcecode.swift; path = MainViewModel.swift; sourceTree = "<group>"; };
		54C96F0C2C6B75E300F4A275 /* StatesList.swift */ = {isa = PBXFileReference; lastKnownFileType = sourcecode.swift; path = StatesList.swift; sourceTree = "<group>"; };
		54C96F0E2C6B763900F4A275 /* MainViewModel+Networking.swift */ = {isa = PBXFileReference; lastKnownFileType = sourcecode.swift; path = "MainViewModel+Networking.swift"; sourceTree = "<group>"; };
		54C96F102C6B765B00F4A275 /* ParkRequestResult.swift */ = {isa = PBXFileReference; lastKnownFileType = sourcecode.swift; path = ParkRequestResult.swift; sourceTree = "<group>"; };
		54C96F152C6B770F00F4A275 /* DetailView.swift */ = {isa = PBXFileReference; lastKnownFileType = sourcecode.swift; path = DetailView.swift; sourceTree = "<group>"; };
		54C96F172C6B771900F4A275 /* DetailViewModel.swift */ = {isa = PBXFileReference; lastKnownFileType = sourcecode.swift; path = DetailViewModel.swift; sourceTree = "<group>"; };
		54C96F192C6B779A00F4A275 /* MainViewModel+Tracing.swift */ = {isa = PBXFileReference; lastKnownFileType = sourcecode.swift; path = "MainViewModel+Tracing.swift"; sourceTree = "<group>"; };
		54C96F1F2C6B78FE00F4A275 /* embrace-outdoors-iosUITests.xctest */ = {isa = PBXFileReference; explicitFileType = wrapper.cfbundle; includeInIndex = 0; path = "embrace-outdoors-iosUITests.xctest"; sourceTree = BUILT_PRODUCTS_DIR; };
		54C96F212C6B78FE00F4A275 /* embrace_outdoors_iosUITests.swift */ = {isa = PBXFileReference; lastKnownFileType = sourcecode.swift; path = embrace_outdoors_iosUITests.swift; sourceTree = "<group>"; };
		54EC94022C6B6F0300055212 /* embrace-outdoors-ios.app */ = {isa = PBXFileReference; explicitFileType = wrapper.application; includeInIndex = 0; path = "embrace-outdoors-ios.app"; sourceTree = BUILT_PRODUCTS_DIR; };
		54EC94052C6B6F0300055212 /* EmbraceOutdoorsApp.swift */ = {isa = PBXFileReference; lastKnownFileType = sourcecode.swift; path = EmbraceOutdoorsApp.swift; sourceTree = "<group>"; };
		54EC94072C6B6F0300055212 /* MainView.swift */ = {isa = PBXFileReference; lastKnownFileType = sourcecode.swift; path = MainView.swift; sourceTree = "<group>"; };
		54EC94092C6B6F0400055212 /* Assets.xcassets */ = {isa = PBXFileReference; lastKnownFileType = folder.assetcatalog; path = Assets.xcassets; sourceTree = "<group>"; };
		54EC940C2C6B6F0400055212 /* Preview Assets.xcassets */ = {isa = PBXFileReference; lastKnownFileType = folder.assetcatalog; path = "Preview Assets.xcassets"; sourceTree = "<group>"; };
		54EC94192C6B704C00055212 /* Embrace-Outdoors-Info.plist */ = {isa = PBXFileReference; lastKnownFileType = text.plist.xml; path = "Embrace-Outdoors-Info.plist"; sourceTree = "<group>"; };
		54EC941E2C6B717300055212 /* TimeInterval+MockTiming.swift */ = {isa = PBXFileReference; lastKnownFileType = sourcecode.swift; path = "TimeInterval+MockTiming.swift"; sourceTree = "<group>"; };
		54EC94202C6B719F00055212 /* OTelExporterWrapper.swift */ = {isa = PBXFileReference; lastKnownFileType = sourcecode.swift; path = OTelExporterWrapper.swift; sourceTree = "<group>"; };
/* End PBXFileReference section */

/* Begin PBXFrameworksBuildPhase section */
		54C96F1C2C6B78FE00F4A275 /* Frameworks */ = {
			isa = PBXFrameworksBuildPhase;
			buildActionMask = 2147483647;
			files = (
			);
			runOnlyForDeploymentPostprocessing = 0;
		};
		54EC93FF2C6B6F0300055212 /* Frameworks */ = {
			isa = PBXFrameworksBuildPhase;
			buildActionMask = 2147483647;
			files = (
				54EC941D2C6B70E200055212 /* EmbraceIO in Frameworks */,
				54C96F092C6B73DD00F4A275 /* StdoutExporter in Frameworks */,
				54C96F052C6B73DD00F4A275 /* OpenTelemetryProtocolExporterHTTP in Frameworks */,
				54C96F032C6B73DD00F4A275 /* OpenTelemetryProtocolExporter in Frameworks */,
				54C96F072C6B73DD00F4A275 /* OpenTelemetrySdk in Frameworks */,
			);
			runOnlyForDeploymentPostprocessing = 0;
		};
/* End PBXFrameworksBuildPhase section */

/* Begin PBXGroup section */
		54C96F122C6B766E00F4A275 /* MainViewModel */ = {
			isa = PBXGroup;
			children = (
				54C96F0A2C6B751700F4A275 /* MainViewModel.swift */,
				54C96F0E2C6B763900F4A275 /* MainViewModel+Networking.swift */,
				54C96F192C6B779A00F4A275 /* MainViewModel+Tracing.swift */,
			);
			path = MainViewModel;
			sourceTree = "<group>";
		};
		54C96F132C6B76ED00F4A275 /* Main */ = {
			isa = PBXGroup;
			children = (
				54EC94072C6B6F0300055212 /* MainView.swift */,
				54C96F122C6B766E00F4A275 /* MainViewModel */,
			);
			path = Main;
			sourceTree = "<group>";
		};
		54C96F142C6B76F400F4A275 /* Detail */ = {
			isa = PBXGroup;
			children = (
				54C96F152C6B770F00F4A275 /* DetailView.swift */,
				54C96F172C6B771900F4A275 /* DetailViewModel.swift */,
			);
			path = Detail;
			sourceTree = "<group>";
		};
		54C96F202C6B78FE00F4A275 /* embrace-outdoors-iosUITests */ = {
			isa = PBXGroup;
			children = (
				54C96F212C6B78FE00F4A275 /* embrace_outdoors_iosUITests.swift */,
			);
			path = "embrace-outdoors-iosUITests";
			sourceTree = "<group>";
		};
		54EC93F92C6B6F0300055212 = {
			isa = PBXGroup;
			children = (
				54EC94042C6B6F0300055212 /* embrace-outdoors-ios */,
				54C96F202C6B78FE00F4A275 /* embrace-outdoors-iosUITests */,
				54EC94032C6B6F0300055212 /* Products */,
			);
			sourceTree = "<group>";
		};
		54EC94032C6B6F0300055212 /* Products */ = {
			isa = PBXGroup;
			children = (
				54EC94022C6B6F0300055212 /* embrace-outdoors-ios.app */,
				54C96F1F2C6B78FE00F4A275 /* embrace-outdoors-iosUITests.xctest */,
			);
			name = Products;
			sourceTree = "<group>";
		};
		54EC94042C6B6F0300055212 /* embrace-outdoors-ios */ = {
			isa = PBXGroup;
			children = (
				54EC94192C6B704C00055212 /* Embrace-Outdoors-Info.plist */,
				54EC94132C6B6FDF00055212 /* App */,
				54EC94142C6B6FE800055212 /* Views */,
				54EC94162C6B6FF900055212 /* Networking */,
				54EC94152C6B6FEE00055212 /* Utils */,
				54EC940B2C6B6F0400055212 /* Preview Content */,
			);
			path = "embrace-outdoors-ios";
			sourceTree = "<group>";
		};
		54EC940B2C6B6F0400055212 /* Preview Content */ = {
			isa = PBXGroup;
			children = (
				54EC940C2C6B6F0400055212 /* Preview Assets.xcassets */,
			);
			path = "Preview Content";
			sourceTree = "<group>";
		};
		54EC94132C6B6FDF00055212 /* App */ = {
			isa = PBXGroup;
			children = (
				54EC94052C6B6F0300055212 /* EmbraceOutdoorsApp.swift */,
				54EC94092C6B6F0400055212 /* Assets.xcassets */,
			);
			path = App;
			sourceTree = "<group>";
		};
		54EC94142C6B6FE800055212 /* Views */ = {
			isa = PBXGroup;
			children = (
				54C96F132C6B76ED00F4A275 /* Main */,
				54C96F142C6B76F400F4A275 /* Detail */,
			);
			path = Views;
			sourceTree = "<group>";
		};
		54EC94152C6B6FEE00055212 /* Utils */ = {
			isa = PBXGroup;
			children = (
				54EC941E2C6B717300055212 /* TimeInterval+MockTiming.swift */,
				54EC94202C6B719F00055212 /* OTelExporterWrapper.swift */,
			);
			path = Utils;
			sourceTree = "<group>";
		};
		54EC94162C6B6FF900055212 /* Networking */ = {
			isa = PBXGroup;
			children = (
				54C96F0C2C6B75E300F4A275 /* StatesList.swift */,
				54C96F102C6B765B00F4A275 /* ParkRequestResult.swift */,
			);
			path = Networking;
			sourceTree = "<group>";
		};
/* End PBXGroup section */

/* Begin PBXNativeTarget section */
		54C96F1E2C6B78FE00F4A275 /* embrace-outdoors-iosUITests */ = {
			isa = PBXNativeTarget;
			buildConfigurationList = 54C96F272C6B78FE00F4A275 /* Build configuration list for PBXNativeTarget "embrace-outdoors-iosUITests" */;
			buildPhases = (
				54C96F1B2C6B78FE00F4A275 /* Sources */,
				54C96F1C2C6B78FE00F4A275 /* Frameworks */,
				54C96F1D2C6B78FE00F4A275 /* Resources */,
			);
			buildRules = (
			);
			dependencies = (
				54C96F262C6B78FE00F4A275 /* PBXTargetDependency */,
			);
			name = "embrace-outdoors-iosUITests";
			productName = "embrace-outdoors-iosUITests";
			productReference = 54C96F1F2C6B78FE00F4A275 /* embrace-outdoors-iosUITests.xctest */;
			productType = "com.apple.product-type.bundle.ui-testing";
		};
		54EC94012C6B6F0300055212 /* embrace-outdoors-ios */ = {
			isa = PBXNativeTarget;
			buildConfigurationList = 54EC94102C6B6F0400055212 /* Build configuration list for PBXNativeTarget "embrace-outdoors-ios" */;
			buildPhases = (
				54EC93FE2C6B6F0300055212 /* Sources */,
				54EC93FF2C6B6F0300055212 /* Frameworks */,
				54EC94002C6B6F0300055212 /* Resources */,
			);
			buildRules = (
			);
			dependencies = (
			);
			name = "embrace-outdoors-ios";
			packageProductDependencies = (
				54EC941C2C6B70E200055212 /* EmbraceIO */,
				54C96F022C6B73DD00F4A275 /* OpenTelemetryProtocolExporter */,
				54C96F042C6B73DD00F4A275 /* OpenTelemetryProtocolExporterHTTP */,
				54C96F062C6B73DD00F4A275 /* OpenTelemetrySdk */,
				54C96F082C6B73DD00F4A275 /* StdoutExporter */,
			);
			productName = "embrace-outdoors-ios";
			productReference = 54EC94022C6B6F0300055212 /* embrace-outdoors-ios.app */;
			productType = "com.apple.product-type.application";
		};
/* End PBXNativeTarget section */

/* Begin PBXProject section */
		54EC93FA2C6B6F0300055212 /* Project object */ = {
			isa = PBXProject;
			attributes = {
				BuildIndependentTargetsInParallel = 1;
				LastSwiftUpdateCheck = 1530;
				LastUpgradeCheck = 1530;
				TargetAttributes = {
					54C96F1E2C6B78FE00F4A275 = {
						CreatedOnToolsVersion = 15.3;
						TestTargetID = 54EC94012C6B6F0300055212;
					};
					54EC94012C6B6F0300055212 = {
						CreatedOnToolsVersion = 15.3;
					};
				};
			};
			buildConfigurationList = 54EC93FD2C6B6F0300055212 /* Build configuration list for PBXProject "embrace-outdoors-ios" */;
			compatibilityVersion = "Xcode 14.0";
			developmentRegion = en;
			hasScannedForEncodings = 0;
			knownRegions = (
				en,
				Base,
			);
			mainGroup = 54EC93F92C6B6F0300055212;
			packageReferences = (
				54EC941B2C6B70E200055212 /* XCRemoteSwiftPackageReference "embrace-apple-sdk" */,
				54C96F012C6B73DC00F4A275 /* XCRemoteSwiftPackageReference "opentelemetry-swift" */,
			);
			productRefGroup = 54EC94032C6B6F0300055212 /* Products */;
			projectDirPath = "";
			projectRoot = "";
			targets = (
				54EC94012C6B6F0300055212 /* embrace-outdoors-ios */,
				54C96F1E2C6B78FE00F4A275 /* embrace-outdoors-iosUITests */,
			);
		};
/* End PBXProject section */

/* Begin PBXResourcesBuildPhase section */
		54C96F1D2C6B78FE00F4A275 /* Resources */ = {
			isa = PBXResourcesBuildPhase;
			buildActionMask = 2147483647;
			files = (
			);
			runOnlyForDeploymentPostprocessing = 0;
		};
		54EC94002C6B6F0300055212 /* Resources */ = {
			isa = PBXResourcesBuildPhase;
			buildActionMask = 2147483647;
			files = (
				54EC940D2C6B6F0400055212 /* Preview Assets.xcassets in Resources */,
				54EC940A2C6B6F0400055212 /* Assets.xcassets in Resources */,
				54EC941A2C6B704C00055212 /* Embrace-Outdoors-Info.plist in Resources */,
			);
			runOnlyForDeploymentPostprocessing = 0;
		};
/* End PBXResourcesBuildPhase section */

/* Begin PBXSourcesBuildPhase section */
		54C96F1B2C6B78FE00F4A275 /* Sources */ = {
			isa = PBXSourcesBuildPhase;
			buildActionMask = 2147483647;
			files = (
				54C96F222C6B78FE00F4A275 /* embrace_outdoors_iosUITests.swift in Sources */,
			);
			runOnlyForDeploymentPostprocessing = 0;
		};
		54EC93FE2C6B6F0300055212 /* Sources */ = {
			isa = PBXSourcesBuildPhase;
			buildActionMask = 2147483647;
			files = (
				54C96F1A2C6B779A00F4A275 /* MainViewModel+Tracing.swift in Sources */,
				54C96F112C6B765B00F4A275 /* ParkRequestResult.swift in Sources */,
				54C96F162C6B770F00F4A275 /* DetailView.swift in Sources */,
				54C96F0B2C6B751700F4A275 /* MainViewModel.swift in Sources */,
				54C96F182C6B771900F4A275 /* DetailViewModel.swift in Sources */,
				54EC941F2C6B717300055212 /* TimeInterval+MockTiming.swift in Sources */,
				54EC94082C6B6F0300055212 /* MainView.swift in Sources */,
				54C96F0D2C6B75E300F4A275 /* StatesList.swift in Sources */,
				54EC94212C6B719F00055212 /* OTelExporterWrapper.swift in Sources */,
				54C96F0F2C6B763900F4A275 /* MainViewModel+Networking.swift in Sources */,
				54EC94062C6B6F0300055212 /* EmbraceOutdoorsApp.swift in Sources */,
			);
			runOnlyForDeploymentPostprocessing = 0;
		};
/* End PBXSourcesBuildPhase section */

/* Begin PBXTargetDependency section */
		54C96F262C6B78FE00F4A275 /* PBXTargetDependency */ = {
			isa = PBXTargetDependency;
			target = 54EC94012C6B6F0300055212 /* embrace-outdoors-ios */;
			targetProxy = 54C96F252C6B78FE00F4A275 /* PBXContainerItemProxy */;
		};
/* End PBXTargetDependency section */

/* Begin XCBuildConfiguration section */
		54C96F282C6B78FE00F4A275 /* Debug */ = {
			isa = XCBuildConfiguration;
			buildSettings = {
				CODE_SIGN_STYLE = Automatic;
				CURRENT_PROJECT_VERSION = 1;
				DEVELOPMENT_TEAM = 7L6ZG648LR;
				GENERATE_INFOPLIST_FILE = YES;
				IPHONEOS_DEPLOYMENT_TARGET = 16.0;
				MARKETING_VERSION = 1.0;
				PRODUCT_BUNDLE_IDENTIFIER = "io.embrace.embrace-outdoors-iosUITests";
				PRODUCT_NAME = "$(TARGET_NAME)";
				SWIFT_EMIT_LOC_STRINGS = NO;
				SWIFT_VERSION = 5.0;
				TARGETED_DEVICE_FAMILY = "1,2";
				TEST_TARGET_NAME = "embrace-outdoors-ios";
			};
			name = Debug;
		};
		54C96F292C6B78FE00F4A275 /* Release */ = {
			isa = XCBuildConfiguration;
			buildSettings = {
				CODE_SIGN_STYLE = Automatic;
				CURRENT_PROJECT_VERSION = 1;
				DEVELOPMENT_TEAM = 7L6ZG648LR;
				GENERATE_INFOPLIST_FILE = YES;
				IPHONEOS_DEPLOYMENT_TARGET = 16.0;
				MARKETING_VERSION = 1.0;
				PRODUCT_BUNDLE_IDENTIFIER = "io.embrace.embrace-outdoors-iosUITests";
				PRODUCT_NAME = "$(TARGET_NAME)";
				SWIFT_EMIT_LOC_STRINGS = NO;
				SWIFT_VERSION = 5.0;
				TARGETED_DEVICE_FAMILY = "1,2";
				TEST_TARGET_NAME = "embrace-outdoors-ios";
			};
			name = Release;
		};
		54EC940E2C6B6F0400055212 /* Debug */ = {
			isa = XCBuildConfiguration;
			buildSettings = {
				ALWAYS_SEARCH_USER_PATHS = NO;
				ASSETCATALOG_COMPILER_GENERATE_SWIFT_ASSET_SYMBOL_EXTENSIONS = YES;
				CLANG_ANALYZER_NONNULL = YES;
				CLANG_ANALYZER_NUMBER_OBJECT_CONVERSION = YES_AGGRESSIVE;
				CLANG_CXX_LANGUAGE_STANDARD = "gnu++20";
				CLANG_ENABLE_MODULES = YES;
				CLANG_ENABLE_OBJC_ARC = YES;
				CLANG_ENABLE_OBJC_WEAK = YES;
				CLANG_WARN_BLOCK_CAPTURE_AUTORELEASING = YES;
				CLANG_WARN_BOOL_CONVERSION = YES;
				CLANG_WARN_COMMA = YES;
				CLANG_WARN_CONSTANT_CONVERSION = YES;
				CLANG_WARN_DEPRECATED_OBJC_IMPLEMENTATIONS = YES;
				CLANG_WARN_DIRECT_OBJC_ISA_USAGE = YES_ERROR;
				CLANG_WARN_DOCUMENTATION_COMMENTS = YES;
				CLANG_WARN_EMPTY_BODY = YES;
				CLANG_WARN_ENUM_CONVERSION = YES;
				CLANG_WARN_INFINITE_RECURSION = YES;
				CLANG_WARN_INT_CONVERSION = YES;
				CLANG_WARN_NON_LITERAL_NULL_CONVERSION = YES;
				CLANG_WARN_OBJC_IMPLICIT_RETAIN_SELF = YES;
				CLANG_WARN_OBJC_LITERAL_CONVERSION = YES;
				CLANG_WARN_OBJC_ROOT_CLASS = YES_ERROR;
				CLANG_WARN_QUOTED_INCLUDE_IN_FRAMEWORK_HEADER = YES;
				CLANG_WARN_RANGE_LOOP_ANALYSIS = YES;
				CLANG_WARN_STRICT_PROTOTYPES = YES;
				CLANG_WARN_SUSPICIOUS_MOVE = YES;
				CLANG_WARN_UNGUARDED_AVAILABILITY = YES_AGGRESSIVE;
				CLANG_WARN_UNREACHABLE_CODE = YES;
				CLANG_WARN__DUPLICATE_METHOD_MATCH = YES;
				COPY_PHASE_STRIP = NO;
				DEBUG_INFORMATION_FORMAT = dwarf;
				ENABLE_STRICT_OBJC_MSGSEND = YES;
				ENABLE_TESTABILITY = YES;
				ENABLE_USER_SCRIPT_SANDBOXING = YES;
				GCC_C_LANGUAGE_STANDARD = gnu17;
				GCC_DYNAMIC_NO_PIC = NO;
				GCC_NO_COMMON_BLOCKS = YES;
				GCC_OPTIMIZATION_LEVEL = 0;
				GCC_PREPROCESSOR_DEFINITIONS = (
					"DEBUG=1",
					"$(inherited)",
				);
				GCC_WARN_64_TO_32_BIT_CONVERSION = YES;
				GCC_WARN_ABOUT_RETURN_TYPE = YES_ERROR;
				GCC_WARN_UNDECLARED_SELECTOR = YES;
				GCC_WARN_UNINITIALIZED_AUTOS = YES_AGGRESSIVE;
				GCC_WARN_UNUSED_FUNCTION = YES;
				GCC_WARN_UNUSED_VARIABLE = YES;
				IPHONEOS_DEPLOYMENT_TARGET = 17.4;
				LOCALIZATION_PREFERS_STRING_CATALOGS = YES;
				MTL_ENABLE_DEBUG_INFO = INCLUDE_SOURCE;
				MTL_FAST_MATH = YES;
				ONLY_ACTIVE_ARCH = YES;
				SDKROOT = iphoneos;
				SWIFT_ACTIVE_COMPILATION_CONDITIONS = "DEBUG $(inherited)";
				SWIFT_OPTIMIZATION_LEVEL = "-Onone";
			};
			name = Debug;
		};
		54EC940F2C6B6F0400055212 /* Release */ = {
			isa = XCBuildConfiguration;
			buildSettings = {
				ALWAYS_SEARCH_USER_PATHS = NO;
				ASSETCATALOG_COMPILER_GENERATE_SWIFT_ASSET_SYMBOL_EXTENSIONS = YES;
				CLANG_ANALYZER_NONNULL = YES;
				CLANG_ANALYZER_NUMBER_OBJECT_CONVERSION = YES_AGGRESSIVE;
				CLANG_CXX_LANGUAGE_STANDARD = "gnu++20";
				CLANG_ENABLE_MODULES = YES;
				CLANG_ENABLE_OBJC_ARC = YES;
				CLANG_ENABLE_OBJC_WEAK = YES;
				CLANG_WARN_BLOCK_CAPTURE_AUTORELEASING = YES;
				CLANG_WARN_BOOL_CONVERSION = YES;
				CLANG_WARN_COMMA = YES;
				CLANG_WARN_CONSTANT_CONVERSION = YES;
				CLANG_WARN_DEPRECATED_OBJC_IMPLEMENTATIONS = YES;
				CLANG_WARN_DIRECT_OBJC_ISA_USAGE = YES_ERROR;
				CLANG_WARN_DOCUMENTATION_COMMENTS = YES;
				CLANG_WARN_EMPTY_BODY = YES;
				CLANG_WARN_ENUM_CONVERSION = YES;
				CLANG_WARN_INFINITE_RECURSION = YES;
				CLANG_WARN_INT_CONVERSION = YES;
				CLANG_WARN_NON_LITERAL_NULL_CONVERSION = YES;
				CLANG_WARN_OBJC_IMPLICIT_RETAIN_SELF = YES;
				CLANG_WARN_OBJC_LITERAL_CONVERSION = YES;
				CLANG_WARN_OBJC_ROOT_CLASS = YES_ERROR;
				CLANG_WARN_QUOTED_INCLUDE_IN_FRAMEWORK_HEADER = YES;
				CLANG_WARN_RANGE_LOOP_ANALYSIS = YES;
				CLANG_WARN_STRICT_PROTOTYPES = YES;
				CLANG_WARN_SUSPICIOUS_MOVE = YES;
				CLANG_WARN_UNGUARDED_AVAILABILITY = YES_AGGRESSIVE;
				CLANG_WARN_UNREACHABLE_CODE = YES;
				CLANG_WARN__DUPLICATE_METHOD_MATCH = YES;
				COPY_PHASE_STRIP = NO;
				DEBUG_INFORMATION_FORMAT = "dwarf-with-dsym";
				ENABLE_NS_ASSERTIONS = NO;
				ENABLE_STRICT_OBJC_MSGSEND = YES;
				ENABLE_USER_SCRIPT_SANDBOXING = YES;
				GCC_C_LANGUAGE_STANDARD = gnu17;
				GCC_NO_COMMON_BLOCKS = YES;
				GCC_WARN_64_TO_32_BIT_CONVERSION = YES;
				GCC_WARN_ABOUT_RETURN_TYPE = YES_ERROR;
				GCC_WARN_UNDECLARED_SELECTOR = YES;
				GCC_WARN_UNINITIALIZED_AUTOS = YES_AGGRESSIVE;
				GCC_WARN_UNUSED_FUNCTION = YES;
				GCC_WARN_UNUSED_VARIABLE = YES;
				IPHONEOS_DEPLOYMENT_TARGET = 17.4;
				LOCALIZATION_PREFERS_STRING_CATALOGS = YES;
				MTL_ENABLE_DEBUG_INFO = NO;
				MTL_FAST_MATH = YES;
				SDKROOT = iphoneos;
				SWIFT_COMPILATION_MODE = wholemodule;
				VALIDATE_PRODUCT = YES;
			};
			name = Release;
		};
		54EC94112C6B6F0400055212 /* Debug */ = {
			isa = XCBuildConfiguration;
			buildSettings = {
				ASSETCATALOG_COMPILER_APPICON_NAME = AppIcon;
				ASSETCATALOG_COMPILER_GLOBAL_ACCENT_COLOR_NAME = AccentColor;
				CODE_SIGN_STYLE = Automatic;
				CURRENT_PROJECT_VERSION = 1;
				DEVELOPMENT_ASSET_PATHS = "\"embrace-outdoors-ios/Preview Content\"";
				DEVELOPMENT_TEAM = 7L6ZG648LR;
				ENABLE_PREVIEWS = YES;
				GENERATE_INFOPLIST_FILE = YES;
				INFOPLIST_KEY_UIApplicationSceneManifest_Generation = YES;
				INFOPLIST_KEY_UIApplicationSupportsIndirectInputEvents = YES;
				INFOPLIST_KEY_UILaunchScreen_Generation = YES;
				INFOPLIST_KEY_UISupportedInterfaceOrientations_iPad = "UIInterfaceOrientationPortrait UIInterfaceOrientationPortraitUpsideDown UIInterfaceOrientationLandscapeLeft UIInterfaceOrientationLandscapeRight";
				INFOPLIST_KEY_UISupportedInterfaceOrientations_iPhone = "UIInterfaceOrientationPortrait UIInterfaceOrientationLandscapeLeft UIInterfaceOrientationLandscapeRight";
				IPHONEOS_DEPLOYMENT_TARGET = 16.0;
				LD_RUNPATH_SEARCH_PATHS = (
					"$(inherited)",
					"@executable_path/Frameworks",
				);
				MARKETING_VERSION = 2.0.3;
				PRODUCT_BUNDLE_IDENTIFIER = "io.embrace.embrace-outdoors-ios";
				PRODUCT_NAME = "$(TARGET_NAME)";
				SWIFT_EMIT_LOC_STRINGS = YES;
				SWIFT_VERSION = 5.0;
				TARGETED_DEVICE_FAMILY = "1,2";
			};
			name = Debug;
		};
		54EC94122C6B6F0400055212 /* Release */ = {
			isa = XCBuildConfiguration;
			buildSettings = {
				ASSETCATALOG_COMPILER_APPICON_NAME = AppIcon;
				ASSETCATALOG_COMPILER_GLOBAL_ACCENT_COLOR_NAME = AccentColor;
				CODE_SIGN_STYLE = Automatic;
				CURRENT_PROJECT_VERSION = 1;
				DEVELOPMENT_ASSET_PATHS = "\"embrace-outdoors-ios/Preview Content\"";
				DEVELOPMENT_TEAM = 7L6ZG648LR;
				ENABLE_PREVIEWS = YES;
				GENERATE_INFOPLIST_FILE = YES;
				INFOPLIST_KEY_UIApplicationSceneManifest_Generation = YES;
				INFOPLIST_KEY_UIApplicationSupportsIndirectInputEvents = YES;
				INFOPLIST_KEY_UILaunchScreen_Generation = YES;
				INFOPLIST_KEY_UISupportedInterfaceOrientations_iPad = "UIInterfaceOrientationPortrait UIInterfaceOrientationPortraitUpsideDown UIInterfaceOrientationLandscapeLeft UIInterfaceOrientationLandscapeRight";
				INFOPLIST_KEY_UISupportedInterfaceOrientations_iPhone = "UIInterfaceOrientationPortrait UIInterfaceOrientationLandscapeLeft UIInterfaceOrientationLandscapeRight";
				IPHONEOS_DEPLOYMENT_TARGET = 16.0;
				LD_RUNPATH_SEARCH_PATHS = (
					"$(inherited)",
					"@executable_path/Frameworks",
				);
				MARKETING_VERSION = 2.0.3;
				PRODUCT_BUNDLE_IDENTIFIER = "io.embrace.embrace-outdoors-ios";
				PRODUCT_NAME = "$(TARGET_NAME)";
				SWIFT_EMIT_LOC_STRINGS = YES;
				SWIFT_VERSION = 5.0;
				TARGETED_DEVICE_FAMILY = "1,2";
			};
			name = Release;
		};
/* End XCBuildConfiguration section */

/* Begin XCConfigurationList section */
		54C96F272C6B78FE00F4A275 /* Build configuration list for PBXNativeTarget "embrace-outdoors-iosUITests" */ = {
			isa = XCConfigurationList;
			buildConfigurations = (
				54C96F282C6B78FE00F4A275 /* Debug */,
				54C96F292C6B78FE00F4A275 /* Release */,
			);
			defaultConfigurationIsVisible = 0;
			defaultConfigurationName = Release;
		};
		54EC93FD2C6B6F0300055212 /* Build configuration list for PBXProject "embrace-outdoors-ios" */ = {
			isa = XCConfigurationList;
			buildConfigurations = (
				54EC940E2C6B6F0400055212 /* Debug */,
				54EC940F2C6B6F0400055212 /* Release */,
			);
			defaultConfigurationIsVisible = 0;
			defaultConfigurationName = Release;
		};
		54EC94102C6B6F0400055212 /* Build configuration list for PBXNativeTarget "embrace-outdoors-ios" */ = {
			isa = XCConfigurationList;
			buildConfigurations = (
				54EC94112C6B6F0400055212 /* Debug */,
				54EC94122C6B6F0400055212 /* Release */,
			);
			defaultConfigurationIsVisible = 0;
			defaultConfigurationName = Release;
		};
/* End XCConfigurationList section */

/* Begin XCRemoteSwiftPackageReference section */
		54C96F012C6B73DC00F4A275 /* XCRemoteSwiftPackageReference "opentelemetry-swift" */ = {
			isa = XCRemoteSwiftPackageReference;
			repositoryURL = "https://github.com/open-telemetry/opentelemetry-swift";
			requirement = {
				kind = upToNextMajorVersion;
				minimumVersion = 1.5.1;
			};
		};
		54EC941B2C6B70E200055212 /* XCRemoteSwiftPackageReference "embrace-apple-sdk" */ = {
			isa = XCRemoteSwiftPackageReference;
			repositoryURL = "https://github.com/embrace-io/embrace-apple-sdk";
			requirement = {
				kind = upToNextMajorVersion;
				minimumVersion = 6.3.0;
			};
		};
/* End XCRemoteSwiftPackageReference section */

/* Begin XCSwiftPackageProductDependency section */
		54C96F022C6B73DD00F4A275 /* OpenTelemetryProtocolExporter */ = {
			isa = XCSwiftPackageProductDependency;
			package = 54C96F012C6B73DC00F4A275 /* XCRemoteSwiftPackageReference "opentelemetry-swift" */;
			productName = OpenTelemetryProtocolExporter;
		};
		54C96F042C6B73DD00F4A275 /* OpenTelemetryProtocolExporterHTTP */ = {
			isa = XCSwiftPackageProductDependency;
			package = 54C96F012C6B73DC00F4A275 /* XCRemoteSwiftPackageReference "opentelemetry-swift" */;
			productName = OpenTelemetryProtocolExporterHTTP;
		};
		54C96F062C6B73DD00F4A275 /* OpenTelemetrySdk */ = {
			isa = XCSwiftPackageProductDependency;
			package = 54C96F012C6B73DC00F4A275 /* XCRemoteSwiftPackageReference "opentelemetry-swift" */;
			productName = OpenTelemetrySdk;
		};
		54C96F082C6B73DD00F4A275 /* StdoutExporter */ = {
			isa = XCSwiftPackageProductDependency;
			package = 54C96F012C6B73DC00F4A275 /* XCRemoteSwiftPackageReference "opentelemetry-swift" */;
			productName = StdoutExporter;
		};
		54EC941C2C6B70E200055212 /* EmbraceIO */ = {
			isa = XCSwiftPackageProductDependency;
			package = 54EC941B2C6B70E200055212 /* XCRemoteSwiftPackageReference "embrace-apple-sdk" */;
			productName = EmbraceIO;
		};
/* End XCSwiftPackageProductDependency section */
	};
	rootObject = 54EC93FA2C6B6F0300055212 /* Project object */;
}
